# THIS IS AN AUTOGENERATED FILE. DO NOT EDIT THIS FILE DIRECTLY.
# yarn lockfile v1


format@^0.2.2:
  version "0.2.2"
  resolved "https://registry.yarnpkg.com/format/-/format-0.2.2.tgz#d6170107e9efdc4ed30c9dc39016df942b5cb58b"
  integrity sha512-wzsgA6WOq+09wrU1tsJ09udeR/YZRaeArL9e1wPbFg3GG2yDnC2ldKpxs4xunpFF9DgqCqOIra3bc1HWrJ37Ww==
